// !$*UTF8*$!
{
	archiveVersion = 1;
	classes = {
	};
	objectVersion = 46;
	objects = {

/* Begin PBXBuildFile section */
		7A43F2581969FF8F000AC8BE /* Foundation.framework in Frameworks */ = {isa = PBXBuildFile; fileRef = 7A43F2571969FF8F000AC8BE /* Foundation.framework */; };
		7A43F25A1969FF8F000AC8BE /* CoreGraphics.framework in Frameworks */ = {isa = PBXBuildFile; fileRef = 7A43F2591969FF8F000AC8BE /* CoreGraphics.framework */; };
		7A43F25C1969FF8F000AC8BE /* UIKit.framework in Frameworks */ = {isa = PBXBuildFile; fileRef = 7A43F25B1969FF8F000AC8BE /* UIKit.framework */; };
		7A43F2621969FF8F000AC8BE /* InfoPlist.strings in Resources */ = {isa = PBXBuildFile; fileRef = 7A43F2601969FF8F000AC8BE /* InfoPlist.strings */; };
		7A43F2641969FF8F000AC8BE /* main.m in Sources */ = {isa = PBXBuildFile; fileRef = 7A43F2631969FF8F000AC8BE /* main.m */; };
		7A43F26A1969FF8F000AC8BE /* Images.xcassets in Resources */ = {isa = PBXBuildFile; fileRef = 7A43F2691969FF8F000AC8BE /* Images.xcassets */; };
		7A43F2711969FF8F000AC8BE /* XCTest.framework in Frameworks */ = {isa = PBXBuildFile; fileRef = 7A43F2701969FF8F000AC8BE /* XCTest.framework */; };
		7A43F2721969FF8F000AC8BE /* Foundation.framework in Frameworks */ = {isa = PBXBuildFile; fileRef = 7A43F2571969FF8F000AC8BE /* Foundation.framework */; };
		7A43F2731969FF8F000AC8BE /* UIKit.framework in Frameworks */ = {isa = PBXBuildFile; fileRef = 7A43F25B1969FF8F000AC8BE /* UIKit.framework */; };
		7A43F27B1969FF8F000AC8BE /* InfoPlist.strings in Resources */ = {isa = PBXBuildFile; fileRef = 7A43F2791969FF8F000AC8BE /* InfoPlist.strings */; };
		7A43F27D1969FF8F000AC8BE /* Icebreaker2Tests.m in Sources */ = {isa = PBXBuildFile; fileRef = 7A43F27C1969FF8F000AC8BE /* Icebreaker2Tests.m */; };
		7A43F28C1969FFF9000AC8BE /* ICBWelcomeViewController.m in Sources */ = {isa = PBXBuildFile; fileRef = 7A43F28B1969FFF9000AC8BE /* ICBWelcomeViewController.m */; };
		7A43F28E196A0016000AC8BE /* Parse.framework in Frameworks */ = {isa = PBXBuildFile; fileRef = 7A43F28D196A0016000AC8BE /* Parse.framework */; };
		7A43F291196A003B000AC8BE /* ICBAppDelegate.m in Sources */ = {isa = PBXBuildFile; fileRef = 7A43F290196A003B000AC8BE /* ICBAppDelegate.m */; };
		7A43F295196A0053000AC8BE /* ICBConnectingView.xib in Resources */ = {isa = PBXBuildFile; fileRef = 7A43F292196A0053000AC8BE /* ICBConnectingView.xib */; };
		7A43F296196A0053000AC8BE /* ICBConnectingViewController.m in Sources */ = {isa = PBXBuildFile; fileRef = 7A43F294196A0053000AC8BE /* ICBConnectingViewController.m */; };
		7A43F299196A0060000AC8BE /* ICBInterest.m in Sources */ = {isa = PBXBuildFile; fileRef = 7A43F298196A0060000AC8BE /* ICBInterest.m */; };
		7A43F29D196A006D000AC8BE /* ICBInterestReviewView.xib in Resources */ = {isa = PBXBuildFile; fileRef = 7A43F29A196A006D000AC8BE /* ICBInterestReviewView.xib */; };
		7A43F29E196A006D000AC8BE /* ICBInterestReviewViewController.m in Sources */ = {isa = PBXBuildFile; fileRef = 7A43F29C196A006D000AC8BE /* ICBInterestReviewViewController.m */; };
		7A43F2A1196A0078000AC8BE /* ICBInterestStore.m in Sources */ = {isa = PBXBuildFile; fileRef = 7A43F2A0196A0078000AC8BE /* ICBInterestStore.m */; };
		7A43F2A5196A0088000AC8BE /* ICBInterestsViewController.m in Sources */ = {isa = PBXBuildFile; fileRef = 7A43F2A3196A0088000AC8BE /* ICBInterestsViewController.m */; };
		7A43F2A6196A0088000AC8BE /* ICBInterestsViewHeaderView.xib in Resources */ = {isa = PBXBuildFile; fileRef = 7A43F2A4196A0088000AC8BE /* ICBInterestsViewHeaderView.xib */; };
		7A43F2AA196A0099000AC8BE /* ICBLoginViewController.m in Sources */ = {isa = PBXBuildFile; fileRef = 7A43F2A8196A0099000AC8BE /* ICBLoginViewController.m */; };
		7A43F2AB196A0099000AC8BE /* ICBLoginViewController.xib in Resources */ = {isa = PBXBuildFile; fileRef = 7A43F2A9196A0099000AC8BE /* ICBLoginViewController.xib */; };
		7A43F2AF196A00BD000AC8BE /* ICBUsersViewController.m in Sources */ = {isa = PBXBuildFile; fileRef = 7A43F2AE196A00BD000AC8BE /* ICBUsersViewController.m */; };
		7A43F2B3196A00C9000AC8BE /* ICBSignupViewController.m in Sources */ = {isa = PBXBuildFile; fileRef = 7A43F2B1196A00C9000AC8BE /* ICBSignupViewController.m */; };
		7A43F2B4196A00C9000AC8BE /* ICBSignupViewController.xib in Resources */ = {isa = PBXBuildFile; fileRef = 7A43F2B2196A00C9000AC8BE /* ICBSignupViewController.xib */; };
		7A43F2B6196A00D3000AC8BE /* ICBWelcomeView.xib in Resources */ = {isa = PBXBuildFile; fileRef = 7A43F2B5196A00D3000AC8BE /* ICBWelcomeView.xib */; };
		7A43F2B8196A00E6000AC8BE /* ICBTabBarController.m in Sources */ = {isa = PBXBuildFile; fileRef = 7A43F2B7196A00E6000AC8BE /* ICBTabBarController.m */; };
		7A43F2BA196A012E000AC8BE /* AudioToolbox.framework in Frameworks */ = {isa = PBXBuildFile; fileRef = 7A43F2B9196A012E000AC8BE /* AudioToolbox.framework */; };
		7A43F2BC196A0133000AC8BE /* CFNetwork.framework in Frameworks */ = {isa = PBXBuildFile; fileRef = 7A43F2BB196A0133000AC8BE /* CFNetwork.framework */; };
		7A43F2BE196A013F000AC8BE /* CoreLocation.framework in Frameworks */ = {isa = PBXBuildFile; fileRef = 7A43F2BD196A013F000AC8BE /* CoreLocation.framework */; };
		7A43F2C0196A014A000AC8BE /* libz.dylib in Frameworks */ = {isa = PBXBuildFile; fileRef = 7A43F2BF196A014A000AC8BE /* libz.dylib */; };
		7A43F2C2196A0154000AC8BE /* MobileCoreServices.framework in Frameworks */ = {isa = PBXBuildFile; fileRef = 7A43F2C1196A0154000AC8BE /* MobileCoreServices.framework */; };
		7A43F2C4196A015A000AC8BE /* QuartzCore.framework in Frameworks */ = {isa = PBXBuildFile; fileRef = 7A43F2C3196A015A000AC8BE /* QuartzCore.framework */; };
		7A43F2C6196A0160000AC8BE /* Security.framework in Frameworks */ = {isa = PBXBuildFile; fileRef = 7A43F2C5196A0160000AC8BE /* Security.framework */; };
		7A43F2C8196A0165000AC8BE /* StoreKit.framework in Frameworks */ = {isa = PBXBuildFile; fileRef = 7A43F2C7196A0165000AC8BE /* StoreKit.framework */; };
		7A43F2CA196A0169000AC8BE /* SystemConfiguration.framework in Frameworks */ = {isa = PBXBuildFile; fileRef = 7A43F2C9196A0169000AC8BE /* SystemConfiguration.framework */; };
		7AA6A4431973530E00898C3D /* ICBMessagesViewController.m in Sources */ = {isa = PBXBuildFile; fileRef = 7AA6A4421973530E00898C3D /* ICBMessagesViewController.m */; };
		7AA6A4451973577600898C3D /* ICBMessagesViewHeaderView.xib in Resources */ = {isa = PBXBuildFile; fileRef = 7AA6A4441973577600898C3D /* ICBMessagesViewHeaderView.xib */; };
		7AA6A4471973578900898C3D /* ICBMessagesViewSendMessageView.xib in Resources */ = {isa = PBXBuildFile; fileRef = 7AA6A4461973578900898C3D /* ICBMessagesViewSendMessageView.xib */; };
		7AA6A453197975B000898C3D /* UIView+MWKeyboardAnimation.m in Sources */ = {isa = PBXBuildFile; fileRef = 7AA6A452197975B000898C3D /* UIView+MWKeyboardAnimation.m */; };
		7AA725961972F76100A11EEB /* ICBUserCell.m in Sources */ = {isa = PBXBuildFile; fileRef = 7AA725951972F76100A11EEB /* ICBUserCell.m */; };
		7AA725981972F78E00A11EEB /* ICBUserCell.xib in Resources */ = {isa = PBXBuildFile; fileRef = 7AA725971972F78E00A11EEB /* ICBUserCell.xib */; };
/* End PBXBuildFile section */

/* Begin PBXContainerItemProxy section */
		7A43F2741969FF8F000AC8BE /* PBXContainerItemProxy */ = {
			isa = PBXContainerItemProxy;
			containerPortal = 7A43F24C1969FF8F000AC8BE /* Project object */;
			proxyType = 1;
			remoteGlobalIDString = 7A43F2531969FF8F000AC8BE;
			remoteInfo = Icebreaker2;
		};
/* End PBXContainerItemProxy section */

/* Begin PBXFileReference section */
		7A43F2541969FF8F000AC8BE /* Icebreaker2.app */ = {isa = PBXFileReference; explicitFileType = wrapper.application; includeInIndex = 0; path = Icebreaker2.app; sourceTree = BUILT_PRODUCTS_DIR; };
		7A43F2571969FF8F000AC8BE /* Foundation.framework */ = {isa = PBXFileReference; lastKnownFileType = wrapper.framework; name = Foundation.framework; path = System/Library/Frameworks/Foundation.framework; sourceTree = SDKROOT; };
		7A43F2591969FF8F000AC8BE /* CoreGraphics.framework */ = {isa = PBXFileReference; lastKnownFileType = wrapper.framework; name = CoreGraphics.framework; path = System/Library/Frameworks/CoreGraphics.framework; sourceTree = SDKROOT; };
		7A43F25B1969FF8F000AC8BE /* UIKit.framework */ = {isa = PBXFileReference; lastKnownFileType = wrapper.framework; name = UIKit.framework; path = System/Library/Frameworks/UIKit.framework; sourceTree = SDKROOT; };
		7A43F25F1969FF8F000AC8BE /* Icebreaker2-Info.plist */ = {isa = PBXFileReference; lastKnownFileType = text.plist.xml; path = "Icebreaker2-Info.plist"; sourceTree = "<group>"; };
		7A43F2611969FF8F000AC8BE /* en */ = {isa = PBXFileReference; lastKnownFileType = text.plist.strings; name = en; path = en.lproj/InfoPlist.strings; sourceTree = "<group>"; };
		7A43F2631969FF8F000AC8BE /* main.m */ = {isa = PBXFileReference; lastKnownFileType = sourcecode.c.objc; path = main.m; sourceTree = "<group>"; };
		7A43F2651969FF8F000AC8BE /* Icebreaker2-Prefix.pch */ = {isa = PBXFileReference; lastKnownFileType = sourcecode.c.h; path = "Icebreaker2-Prefix.pch"; sourceTree = "<group>"; };
		7A43F2691969FF8F000AC8BE /* Images.xcassets */ = {isa = PBXFileReference; lastKnownFileType = folder.assetcatalog; path = Images.xcassets; sourceTree = "<group>"; };
		7A43F26F1969FF8F000AC8BE /* Icebreaker2Tests.xctest */ = {isa = PBXFileReference; explicitFileType = wrapper.cfbundle; includeInIndex = 0; path = Icebreaker2Tests.xctest; sourceTree = BUILT_PRODUCTS_DIR; };
		7A43F2701969FF8F000AC8BE /* XCTest.framework */ = {isa = PBXFileReference; lastKnownFileType = wrapper.framework; name = XCTest.framework; path = Library/Frameworks/XCTest.framework; sourceTree = DEVELOPER_DIR; };
		7A43F2781969FF8F000AC8BE /* Icebreaker2Tests-Info.plist */ = {isa = PBXFileReference; lastKnownFileType = text.plist.xml; path = "Icebreaker2Tests-Info.plist"; sourceTree = "<group>"; };
		7A43F27A1969FF8F000AC8BE /* en */ = {isa = PBXFileReference; lastKnownFileType = text.plist.strings; name = en; path = en.lproj/InfoPlist.strings; sourceTree = "<group>"; };
		7A43F27C1969FF8F000AC8BE /* Icebreaker2Tests.m */ = {isa = PBXFileReference; lastKnownFileType = sourcecode.c.objc; path = Icebreaker2Tests.m; sourceTree = "<group>"; };
		7A43F28A1969FFF9000AC8BE /* ICBWelcomeViewController.h */ = {isa = PBXFileReference; fileEncoding = 4; lastKnownFileType = sourcecode.c.h; path = ICBWelcomeViewController.h; sourceTree = "<group>"; };
		7A43F28B1969FFF9000AC8BE /* ICBWelcomeViewController.m */ = {isa = PBXFileReference; fileEncoding = 4; lastKnownFileType = sourcecode.c.objc; path = ICBWelcomeViewController.m; sourceTree = "<group>"; };
		7A43F28D196A0016000AC8BE /* Parse.framework */ = {isa = PBXFileReference; lastKnownFileType = wrapper.framework; path = Parse.framework; sourceTree = "<group>"; };
		7A43F28F196A003B000AC8BE /* ICBAppDelegate.h */ = {isa = PBXFileReference; fileEncoding = 4; lastKnownFileType = sourcecode.c.h; path = ICBAppDelegate.h; sourceTree = "<group>"; };
		7A43F290196A003B000AC8BE /* ICBAppDelegate.m */ = {isa = PBXFileReference; fileEncoding = 4; lastKnownFileType = sourcecode.c.objc; path = ICBAppDelegate.m; sourceTree = "<group>"; };
		7A43F292196A0053000AC8BE /* ICBConnectingView.xib */ = {isa = PBXFileReference; fileEncoding = 4; lastKnownFileType = file.xib; path = ICBConnectingView.xib; sourceTree = "<group>"; };
		7A43F293196A0053000AC8BE /* ICBConnectingViewController.h */ = {isa = PBXFileReference; fileEncoding = 4; lastKnownFileType = sourcecode.c.h; path = ICBConnectingViewController.h; sourceTree = "<group>"; };
		7A43F294196A0053000AC8BE /* ICBConnectingViewController.m */ = {isa = PBXFileReference; fileEncoding = 4; lastKnownFileType = sourcecode.c.objc; path = ICBConnectingViewController.m; sourceTree = "<group>"; };
		7A43F297196A0060000AC8BE /* ICBInterest.h */ = {isa = PBXFileReference; fileEncoding = 4; lastKnownFileType = sourcecode.c.h; path = ICBInterest.h; sourceTree = "<group>"; };
		7A43F298196A0060000AC8BE /* ICBInterest.m */ = {isa = PBXFileReference; fileEncoding = 4; lastKnownFileType = sourcecode.c.objc; path = ICBInterest.m; sourceTree = "<group>"; };
		7A43F29A196A006D000AC8BE /* ICBInterestReviewView.xib */ = {isa = PBXFileReference; fileEncoding = 4; lastKnownFileType = file.xib; path = ICBInterestReviewView.xib; sourceTree = "<group>"; };
		7A43F29B196A006D000AC8BE /* ICBInterestReviewViewController.h */ = {isa = PBXFileReference; fileEncoding = 4; lastKnownFileType = sourcecode.c.h; path = ICBInterestReviewViewController.h; sourceTree = "<group>"; };
		7A43F29C196A006D000AC8BE /* ICBInterestReviewViewController.m */ = {isa = PBXFileReference; fileEncoding = 4; lastKnownFileType = sourcecode.c.objc; path = ICBInterestReviewViewController.m; sourceTree = "<group>"; };
		7A43F29F196A0078000AC8BE /* ICBInterestStore.h */ = {isa = PBXFileReference; fileEncoding = 4; lastKnownFileType = sourcecode.c.h; path = ICBInterestStore.h; sourceTree = "<group>"; };
		7A43F2A0196A0078000AC8BE /* ICBInterestStore.m */ = {isa = PBXFileReference; fileEncoding = 4; lastKnownFileType = sourcecode.c.objc; path = ICBInterestStore.m; sourceTree = "<group>"; };
		7A43F2A2196A0088000AC8BE /* ICBInterestsViewController.h */ = {isa = PBXFileReference; fileEncoding = 4; lastKnownFileType = sourcecode.c.h; path = ICBInterestsViewController.h; sourceTree = "<group>"; };
		7A43F2A3196A0088000AC8BE /* ICBInterestsViewController.m */ = {isa = PBXFileReference; fileEncoding = 4; lastKnownFileType = sourcecode.c.objc; path = ICBInterestsViewController.m; sourceTree = "<group>"; };
		7A43F2A4196A0088000AC8BE /* ICBInterestsViewHeaderView.xib */ = {isa = PBXFileReference; fileEncoding = 4; lastKnownFileType = file.xib; path = ICBInterestsViewHeaderView.xib; sourceTree = "<group>"; };
		7A43F2A7196A0099000AC8BE /* ICBLoginViewController.h */ = {isa = PBXFileReference; fileEncoding = 4; lastKnownFileType = sourcecode.c.h; path = ICBLoginViewController.h; sourceTree = "<group>"; };
		7A43F2A8196A0099000AC8BE /* ICBLoginViewController.m */ = {isa = PBXFileReference; fileEncoding = 4; lastKnownFileType = sourcecode.c.objc; path = ICBLoginViewController.m; sourceTree = "<group>"; };
		7A43F2A9196A0099000AC8BE /* ICBLoginViewController.xib */ = {isa = PBXFileReference; fileEncoding = 4; lastKnownFileType = file.xib; path = ICBLoginViewController.xib; sourceTree = "<group>"; };
		7A43F2AC196A00AD000AC8BE /* ICBTabBarController.h */ = {isa = PBXFileReference; lastKnownFileType = sourcecode.c.h; path = ICBTabBarController.h; sourceTree = "<group>"; };
		7A43F2AD196A00BD000AC8BE /* ICBUsersViewController.h */ = {isa = PBXFileReference; fileEncoding = 4; lastKnownFileType = sourcecode.c.h; path = ICBUsersViewController.h; sourceTree = "<group>"; };
		7A43F2AE196A00BD000AC8BE /* ICBUsersViewController.m */ = {isa = PBXFileReference; fileEncoding = 4; lastKnownFileType = sourcecode.c.objc; path = ICBUsersViewController.m; sourceTree = "<group>"; };
		7A43F2B0196A00C9000AC8BE /* ICBSignupViewController.h */ = {isa = PBXFileReference; fileEncoding = 4; lastKnownFileType = sourcecode.c.h; path = ICBSignupViewController.h; sourceTree = "<group>"; };
		7A43F2B1196A00C9000AC8BE /* ICBSignupViewController.m */ = {isa = PBXFileReference; fileEncoding = 4; lastKnownFileType = sourcecode.c.objc; path = ICBSignupViewController.m; sourceTree = "<group>"; };
		7A43F2B2196A00C9000AC8BE /* ICBSignupViewController.xib */ = {isa = PBXFileReference; fileEncoding = 4; lastKnownFileType = file.xib; path = ICBSignupViewController.xib; sourceTree = "<group>"; };
		7A43F2B5196A00D3000AC8BE /* ICBWelcomeView.xib */ = {isa = PBXFileReference; fileEncoding = 4; lastKnownFileType = file.xib; path = ICBWelcomeView.xib; sourceTree = "<group>"; };
		7A43F2B7196A00E6000AC8BE /* ICBTabBarController.m */ = {isa = PBXFileReference; fileEncoding = 4; lastKnownFileType = sourcecode.c.objc; path = ICBTabBarController.m; sourceTree = "<group>"; };
		7A43F2B9196A012E000AC8BE /* AudioToolbox.framework */ = {isa = PBXFileReference; lastKnownFileType = wrapper.framework; name = AudioToolbox.framework; path = System/Library/Frameworks/AudioToolbox.framework; sourceTree = SDKROOT; };
		7A43F2BB196A0133000AC8BE /* CFNetwork.framework */ = {isa = PBXFileReference; lastKnownFileType = wrapper.framework; name = CFNetwork.framework; path = System/Library/Frameworks/CFNetwork.framework; sourceTree = SDKROOT; };
		7A43F2BD196A013F000AC8BE /* CoreLocation.framework */ = {isa = PBXFileReference; lastKnownFileType = wrapper.framework; name = CoreLocation.framework; path = System/Library/Frameworks/CoreLocation.framework; sourceTree = SDKROOT; };
		7A43F2BF196A014A000AC8BE /* libz.dylib */ = {isa = PBXFileReference; lastKnownFileType = "compiled.mach-o.dylib"; name = libz.dylib; path = usr/lib/libz.dylib; sourceTree = SDKROOT; };
		7A43F2C1196A0154000AC8BE /* MobileCoreServices.framework */ = {isa = PBXFileReference; lastKnownFileType = wrapper.framework; name = MobileCoreServices.framework; path = System/Library/Frameworks/MobileCoreServices.framework; sourceTree = SDKROOT; };
		7A43F2C3196A015A000AC8BE /* QuartzCore.framework */ = {isa = PBXFileReference; lastKnownFileType = wrapper.framework; name = QuartzCore.framework; path = System/Library/Frameworks/QuartzCore.framework; sourceTree = SDKROOT; };
		7A43F2C5196A0160000AC8BE /* Security.framework */ = {isa = PBXFileReference; lastKnownFileType = wrapper.framework; name = Security.framework; path = System/Library/Frameworks/Security.framework; sourceTree = SDKROOT; };
		7A43F2C7196A0165000AC8BE /* StoreKit.framework */ = {isa = PBXFileReference; lastKnownFileType = wrapper.framework; name = StoreKit.framework; path = System/Library/Frameworks/StoreKit.framework; sourceTree = SDKROOT; };
		7A43F2C9196A0169000AC8BE /* SystemConfiguration.framework */ = {isa = PBXFileReference; lastKnownFileType = wrapper.framework; name = SystemConfiguration.framework; path = System/Library/Frameworks/SystemConfiguration.framework; sourceTree = SDKROOT; };
		7AA6A4411973530E00898C3D /* ICBMessagesViewController.h */ = {isa = PBXFileReference; fileEncoding = 4; lastKnownFileType = sourcecode.c.h; path = ICBMessagesViewController.h; sourceTree = "<group>"; };
		7AA6A4421973530E00898C3D /* ICBMessagesViewController.m */ = {isa = PBXFileReference; fileEncoding = 4; lastKnownFileType = sourcecode.c.objc; path = ICBMessagesViewController.m; sourceTree = "<group>"; };
		7AA6A4441973577600898C3D /* ICBMessagesViewHeaderView.xib */ = {isa = PBXFileReference; fileEncoding = 4; lastKnownFileType = file.xib; path = ICBMessagesViewHeaderView.xib; sourceTree = "<group>"; };
		7AA6A4461973578900898C3D /* ICBMessagesViewSendMessageView.xib */ = {isa = PBXFileReference; fileEncoding = 4; lastKnownFileType = file.xib; path = ICBMessagesViewSendMessageView.xib; sourceTree = "<group>"; };
		7AA6A451197975B000898C3D /* UIView+MWKeyboardAnimation.h */ = {isa = PBXFileReference; fileEncoding = 4; lastKnownFileType = sourcecode.c.h; path = "UIView+MWKeyboardAnimation.h"; sourceTree = "<group>"; };
		7AA6A452197975B000898C3D /* UIView+MWKeyboardAnimation.m */ = {isa = PBXFileReference; fileEncoding = 4; lastKnownFileType = sourcecode.c.objc; path = "UIView+MWKeyboardAnimation.m"; sourceTree = "<group>"; };
		7AA725941972F76100A11EEB /* ICBUserCell.h */ = {isa = PBXFileReference; fileEncoding = 4; lastKnownFileType = sourcecode.c.h; path = ICBUserCell.h; sourceTree = "<group>"; };
		7AA725951972F76100A11EEB /* ICBUserCell.m */ = {isa = PBXFileReference; fileEncoding = 4; lastKnownFileType = sourcecode.c.objc; path = ICBUserCell.m; sourceTree = "<group>"; };
		7AA725971972F78E00A11EEB /* ICBUserCell.xib */ = {isa = PBXFileReference; fileEncoding = 4; lastKnownFileType = file.xib; path = ICBUserCell.xib; sourceTree = "<group>"; };
/* End PBXFileReference section */

/* Begin PBXFrameworksBuildPhase section */
		7A43F2511969FF8F000AC8BE /* Frameworks */ = {
			isa = PBXFrameworksBuildPhase;
			buildActionMask = 2147483647;
			files = (
				7A43F2CA196A0169000AC8BE /* SystemConfiguration.framework in Frameworks */,
				7A43F2C8196A0165000AC8BE /* StoreKit.framework in Frameworks */,
				7A43F2C6196A0160000AC8BE /* Security.framework in Frameworks */,
				7A43F2C4196A015A000AC8BE /* QuartzCore.framework in Frameworks */,
				7A43F2C2196A0154000AC8BE /* MobileCoreServices.framework in Frameworks */,
				7A43F2C0196A014A000AC8BE /* libz.dylib in Frameworks */,
				7A43F2BE196A013F000AC8BE /* CoreLocation.framework in Frameworks */,
				7A43F25A1969FF8F000AC8BE /* CoreGraphics.framework in Frameworks */,
				7A43F2BC196A0133000AC8BE /* CFNetwork.framework in Frameworks */,
				7A43F2BA196A012E000AC8BE /* AudioToolbox.framework in Frameworks */,
				7A43F25C1969FF8F000AC8BE /* UIKit.framework in Frameworks */,
				7A43F28E196A0016000AC8BE /* Parse.framework in Frameworks */,
				7A43F2581969FF8F000AC8BE /* Foundation.framework in Frameworks */,
			);
			runOnlyForDeploymentPostprocessing = 0;
		};
		7A43F26C1969FF8F000AC8BE /* Frameworks */ = {
			isa = PBXFrameworksBuildPhase;
			buildActionMask = 2147483647;
			files = (
				7A43F2711969FF8F000AC8BE /* XCTest.framework in Frameworks */,
				7A43F2731969FF8F000AC8BE /* UIKit.framework in Frameworks */,
				7A43F2721969FF8F000AC8BE /* Foundation.framework in Frameworks */,
			);
			runOnlyForDeploymentPostprocessing = 0;
		};
/* End PBXFrameworksBuildPhase section */

/* Begin PBXGroup section */
		7A43F24B1969FF8F000AC8BE = {
			isa = PBXGroup;
			children = (
				7A43F25D1969FF8F000AC8BE /* Icebreaker2 */,
				7A43F2761969FF8F000AC8BE /* Icebreaker2Tests */,
				7A43F2561969FF8F000AC8BE /* Frameworks */,
				7A43F2551969FF8F000AC8BE /* Products */,
			);
			sourceTree = "<group>";
		};
		7A43F2551969FF8F000AC8BE /* Products */ = {
			isa = PBXGroup;
			children = (
				7A43F2541969FF8F000AC8BE /* Icebreaker2.app */,
				7A43F26F1969FF8F000AC8BE /* Icebreaker2Tests.xctest */,
			);
			name = Products;
			sourceTree = "<group>";
		};
		7A43F2561969FF8F000AC8BE /* Frameworks */ = {
			isa = PBXGroup;
			children = (
				7A43F2C9196A0169000AC8BE /* SystemConfiguration.framework */,
				7A43F2C7196A0165000AC8BE /* StoreKit.framework */,
				7A43F2C5196A0160000AC8BE /* Security.framework */,
				7A43F2C3196A015A000AC8BE /* QuartzCore.framework */,
				7A43F2C1196A0154000AC8BE /* MobileCoreServices.framework */,
				7A43F2BF196A014A000AC8BE /* libz.dylib */,
				7A43F2BD196A013F000AC8BE /* CoreLocation.framework */,
				7A43F2BB196A0133000AC8BE /* CFNetwork.framework */,
				7A43F2B9196A012E000AC8BE /* AudioToolbox.framework */,
				7A43F28D196A0016000AC8BE /* Parse.framework */,
				7A43F2571969FF8F000AC8BE /* Foundation.framework */,
				7A43F2591969FF8F000AC8BE /* CoreGraphics.framework */,
				7A43F25B1969FF8F000AC8BE /* UIKit.framework */,
				7A43F2701969FF8F000AC8BE /* XCTest.framework */,
			);
			name = Frameworks;
			sourceTree = "<group>";
		};
		7A43F25D1969FF8F000AC8BE /* Icebreaker2 */ = {
			isa = PBXGroup;
			children = (
				7A43F28F196A003B000AC8BE /* ICBAppDelegate.h */,
				7A43F290196A003B000AC8BE /* ICBAppDelegate.m */,
				7A43F2871969FFB1000AC8BE /* Models */,
				7A43F2861969FF9F000AC8BE /* Login and Signup */,
				7A43F2891969FFC2000AC8BE /* Main Application Views */,
				7A43F2881969FFB8000AC8BE /* Interest Review */,
				7AA6A44D19781E7600898C3D /* Utility */,
				7A43F2691969FF8F000AC8BE /* Images.xcassets */,
				7A43F25E1969FF8F000AC8BE /* Supporting Files */,
			);
			path = Icebreaker2;
			sourceTree = "<group>";
		};
		7A43F25E1969FF8F000AC8BE /* Supporting Files */ = {
			isa = PBXGroup;
			children = (
				7A43F25F1969FF8F000AC8BE /* Icebreaker2-Info.plist */,
				7A43F2601969FF8F000AC8BE /* InfoPlist.strings */,
				7A43F2631969FF8F000AC8BE /* main.m */,
				7A43F2651969FF8F000AC8BE /* Icebreaker2-Prefix.pch */,
			);
			name = "Supporting Files";
			sourceTree = "<group>";
		};
		7A43F2761969FF8F000AC8BE /* Icebreaker2Tests */ = {
			isa = PBXGroup;
			children = (
				7A43F27C1969FF8F000AC8BE /* Icebreaker2Tests.m */,
				7A43F2771969FF8F000AC8BE /* Supporting Files */,
			);
			path = Icebreaker2Tests;
			sourceTree = "<group>";
		};
		7A43F2771969FF8F000AC8BE /* Supporting Files */ = {
			isa = PBXGroup;
			children = (
				7A43F2781969FF8F000AC8BE /* Icebreaker2Tests-Info.plist */,
				7A43F2791969FF8F000AC8BE /* InfoPlist.strings */,
			);
			name = "Supporting Files";
			sourceTree = "<group>";
		};
		7A43F2861969FF9F000AC8BE /* Login and Signup */ = {
			isa = PBXGroup;
			children = (
				7A43F28A1969FFF9000AC8BE /* ICBWelcomeViewController.h */,
				7A43F28B1969FFF9000AC8BE /* ICBWelcomeViewController.m */,
				7A43F2B5196A00D3000AC8BE /* ICBWelcomeView.xib */,
				7A43F2A7196A0099000AC8BE /* ICBLoginViewController.h */,
				7A43F2A8196A0099000AC8BE /* ICBLoginViewController.m */,
				7A43F2A9196A0099000AC8BE /* ICBLoginViewController.xib */,
				7A43F2B0196A00C9000AC8BE /* ICBSignupViewController.h */,
				7A43F2B1196A00C9000AC8BE /* ICBSignupViewController.m */,
				7A43F2B2196A00C9000AC8BE /* ICBSignupViewController.xib */,
				7A43F292196A0053000AC8BE /* ICBConnectingView.xib */,
				7A43F293196A0053000AC8BE /* ICBConnectingViewController.h */,
				7A43F294196A0053000AC8BE /* ICBConnectingViewController.m */,
			);
			name = "Login and Signup";
			sourceTree = "<group>";
		};
		7A43F2871969FFB1000AC8BE /* Models */ = {
			isa = PBXGroup;
			children = (
				7A43F297196A0060000AC8BE /* ICBInterest.h */,
				7A43F298196A0060000AC8BE /* ICBInterest.m */,
				7A43F29F196A0078000AC8BE /* ICBInterestStore.h */,
				7A43F2A0196A0078000AC8BE /* ICBInterestStore.m */,
			);
			name = Models;
			sourceTree = "<group>";
		};
		7A43F2881969FFB8000AC8BE /* Interest Review */ = {
			isa = PBXGroup;
			children = (
				7A43F29A196A006D000AC8BE /* ICBInterestReviewView.xib */,
				7A43F29B196A006D000AC8BE /* ICBInterestReviewViewController.h */,
				7A43F29C196A006D000AC8BE /* ICBInterestReviewViewController.m */,
			);
			name = "Interest Review";
			sourceTree = "<group>";
		};
		7A43F2891969FFC2000AC8BE /* Main Application Views */ = {
			isa = PBXGroup;
			children = (
				7A43F2AC196A00AD000AC8BE /* ICBTabBarController.h */,
				7A43F2B7196A00E6000AC8BE /* ICBTabBarController.m */,
				7A43F2AD196A00BD000AC8BE /* ICBUsersViewController.h */,
				7A43F2AE196A00BD000AC8BE /* ICBUsersViewController.m */,
				7AA725941972F76100A11EEB /* ICBUserCell.h */,
				7AA725951972F76100A11EEB /* ICBUserCell.m */,
				7AA725971972F78E00A11EEB /* ICBUserCell.xib */,
				7AA6A4411973530E00898C3D /* ICBMessagesViewController.h */,
				7AA6A4421973530E00898C3D /* ICBMessagesViewController.m */,
				7AA6A4441973577600898C3D /* ICBMessagesViewHeaderView.xib */,
				7AA6A4461973578900898C3D /* ICBMessagesViewSendMessageView.xib */,
				7A43F2A2196A0088000AC8BE /* ICBInterestsViewController.h */,
				7A43F2A3196A0088000AC8BE /* ICBInterestsViewController.m */,
				7A43F2A4196A0088000AC8BE /* ICBInterestsViewHeaderView.xib */,
			);
			name = "Main Application Views";
			sourceTree = "<group>";
		};
		7AA6A44D19781E7600898C3D /* Utility */ = {
			isa = PBXGroup;
			children = (
				7AA6A451197975B000898C3D /* UIView+MWKeyboardAnimation.h */,
				7AA6A452197975B000898C3D /* UIView+MWKeyboardAnimation.m */,
			);
			name = Utility;
			sourceTree = "<group>";
		};
/* End PBXGroup section */

/* Begin PBXNativeTarget section */
		7A43F2531969FF8F000AC8BE /* Icebreaker2 */ = {
			isa = PBXNativeTarget;
			buildConfigurationList = 7A43F2801969FF8F000AC8BE /* Build configuration list for PBXNativeTarget "Icebreaker2" */;
			buildPhases = (
				7A43F2501969FF8F000AC8BE /* Sources */,
				7A43F2511969FF8F000AC8BE /* Frameworks */,
				7A43F2521969FF8F000AC8BE /* Resources */,
			);
			buildRules = (
			);
			dependencies = (
			);
			name = Icebreaker2;
			productName = Icebreaker2;
			productReference = 7A43F2541969FF8F000AC8BE /* Icebreaker2.app */;
			productType = "com.apple.product-type.application";
		};
		7A43F26E1969FF8F000AC8BE /* Icebreaker2Tests */ = {
			isa = PBXNativeTarget;
			buildConfigurationList = 7A43F2831969FF8F000AC8BE /* Build configuration list for PBXNativeTarget "Icebreaker2Tests" */;
			buildPhases = (
				7A43F26B1969FF8F000AC8BE /* Sources */,
				7A43F26C1969FF8F000AC8BE /* Frameworks */,
				7A43F26D1969FF8F000AC8BE /* Resources */,
			);
			buildRules = (
			);
			dependencies = (
				7A43F2751969FF8F000AC8BE /* PBXTargetDependency */,
			);
			name = Icebreaker2Tests;
			productName = Icebreaker2Tests;
			productReference = 7A43F26F1969FF8F000AC8BE /* Icebreaker2Tests.xctest */;
			productType = "com.apple.product-type.bundle.unit-test";
		};
/* End PBXNativeTarget section */

/* Begin PBXProject section */
		7A43F24C1969FF8F000AC8BE /* Project object */ = {
			isa = PBXProject;
			attributes = {
				CLASSPREFIX = ICB;
				LastUpgradeCheck = 0510;
				ORGANIZATIONNAME = Icebreaker;
				TargetAttributes = {
					7A43F26E1969FF8F000AC8BE = {
						TestTargetID = 7A43F2531969FF8F000AC8BE;
					};
				};
			};
			buildConfigurationList = 7A43F24F1969FF8F000AC8BE /* Build configuration list for PBXProject "Icebreaker2" */;
			compatibilityVersion = "Xcode 3.2";
			developmentRegion = English;
			hasScannedForEncodings = 0;
			knownRegions = (
				en,
			);
			mainGroup = 7A43F24B1969FF8F000AC8BE;
			productRefGroup = 7A43F2551969FF8F000AC8BE /* Products */;
			projectDirPath = "";
			projectRoot = "";
			targets = (
				7A43F2531969FF8F000AC8BE /* Icebreaker2 */,
				7A43F26E1969FF8F000AC8BE /* Icebreaker2Tests */,
			);
		};
/* End PBXProject section */

/* Begin PBXResourcesBuildPhase section */
		7A43F2521969FF8F000AC8BE /* Resources */ = {
			isa = PBXResourcesBuildPhase;
			buildActionMask = 2147483647;
			files = (
				7A43F2B6196A00D3000AC8BE /* ICBWelcomeView.xib in Resources */,
				7A43F2B4196A00C9000AC8BE /* ICBSignupViewController.xib in Resources */,
				7A43F2621969FF8F000AC8BE /* InfoPlist.strings in Resources */,
				7A43F2AB196A0099000AC8BE /* ICBLoginViewController.xib in Resources */,
				7AA6A4471973578900898C3D /* ICBMessagesViewSendMessageView.xib in Resources */,
				7AA725981972F78E00A11EEB /* ICBUserCell.xib in Resources */,
				7AA6A4451973577600898C3D /* ICBMessagesViewHeaderView.xib in Resources */,
				7A43F26A1969FF8F000AC8BE /* Images.xcassets in Resources */,
				7A43F2A6196A0088000AC8BE /* ICBInterestsViewHeaderView.xib in Resources */,
				7A43F295196A0053000AC8BE /* ICBConnectingView.xib in Resources */,
				7A43F29D196A006D000AC8BE /* ICBInterestReviewView.xib in Resources */,
			);
			runOnlyForDeploymentPostprocessing = 0;
		};
		7A43F26D1969FF8F000AC8BE /* Resources */ = {
			isa = PBXResourcesBuildPhase;
			buildActionMask = 2147483647;
			files = (
				7A43F27B1969FF8F000AC8BE /* InfoPlist.strings in Resources */,
			);
			runOnlyForDeploymentPostprocessing = 0;
		};
/* End PBXResourcesBuildPhase section */

/* Begin PBXSourcesBuildPhase section */
		7A43F2501969FF8F000AC8BE /* Sources */ = {
			isa = PBXSourcesBuildPhase;
			buildActionMask = 2147483647;
			files = (
				7A43F2641969FF8F000AC8BE /* main.m in Sources */,
				7A43F2AF196A00BD000AC8BE /* ICBUsersViewController.m in Sources */,
				7A43F29E196A006D000AC8BE /* ICBInterestReviewViewController.m in Sources */,
				7AA6A453197975B000898C3D /* UIView+MWKeyboardAnimation.m in Sources */,
				7AA725961972F76100A11EEB /* ICBUserCell.m in Sources */,
				7A43F2A1196A0078000AC8BE /* ICBInterestStore.m in Sources */,
				7A43F296196A0053000AC8BE /* ICBConnectingViewController.m in Sources */,
				7A43F2AA196A0099000AC8BE /* ICBLoginViewController.m in Sources */,
				7A43F291196A003B000AC8BE /* ICBAppDelegate.m in Sources */,
				7A43F2B3196A00C9000AC8BE /* ICBSignupViewController.m in Sources */,
				7A43F2A5196A0088000AC8BE /* ICBInterestsViewController.m in Sources */,
				7A43F299196A0060000AC8BE /* ICBInterest.m in Sources */,
				7A43F2B8196A00E6000AC8BE /* ICBTabBarController.m in Sources */,
				7A43F28C1969FFF9000AC8BE /* ICBWelcomeViewController.m in Sources */,
				7AA6A4431973530E00898C3D /* ICBMessagesViewController.m in Sources */,
			);
			runOnlyForDeploymentPostprocessing = 0;
		};
		7A43F26B1969FF8F000AC8BE /* Sources */ = {
			isa = PBXSourcesBuildPhase;
			buildActionMask = 2147483647;
			files = (
				7A43F27D1969FF8F000AC8BE /* Icebreaker2Tests.m in Sources */,
			);
			runOnlyForDeploymentPostprocessing = 0;
		};
/* End PBXSourcesBuildPhase section */

/* Begin PBXTargetDependency section */
		7A43F2751969FF8F000AC8BE /* PBXTargetDependency */ = {
			isa = PBXTargetDependency;
			target = 7A43F2531969FF8F000AC8BE /* Icebreaker2 */;
			targetProxy = 7A43F2741969FF8F000AC8BE /* PBXContainerItemProxy */;
		};
/* End PBXTargetDependency section */

/* Begin PBXVariantGroup section */
		7A43F2601969FF8F000AC8BE /* InfoPlist.strings */ = {
			isa = PBXVariantGroup;
			children = (
				7A43F2611969FF8F000AC8BE /* en */,
			);
			name = InfoPlist.strings;
			sourceTree = "<group>";
		};
		7A43F2791969FF8F000AC8BE /* InfoPlist.strings */ = {
			isa = PBXVariantGroup;
			children = (
				7A43F27A1969FF8F000AC8BE /* en */,
			);
			name = InfoPlist.strings;
			sourceTree = "<group>";
		};
/* End PBXVariantGroup section */

/* Begin XCBuildConfiguration section */
		7A43F27E1969FF8F000AC8BE /* Debug */ = {
			isa = XCBuildConfiguration;
			buildSettings = {
				ALWAYS_SEARCH_USER_PATHS = NO;
				CLANG_CXX_LANGUAGE_STANDARD = "gnu++0x";
				CLANG_CXX_LIBRARY = "libc++";
				CLANG_ENABLE_MODULES = YES;
				CLANG_ENABLE_OBJC_ARC = YES;
				CLANG_WARN_BOOL_CONVERSION = YES;
				CLANG_WARN_CONSTANT_CONVERSION = YES;
				CLANG_WARN_DIRECT_OBJC_ISA_USAGE = YES_ERROR;
				CLANG_WARN_EMPTY_BODY = YES;
				CLANG_WARN_ENUM_CONVERSION = YES;
				CLANG_WARN_INT_CONVERSION = YES;
				CLANG_WARN_OBJC_ROOT_CLASS = YES_ERROR;
				CLANG_WARN__DUPLICATE_METHOD_MATCH = YES;
				"CODE_SIGN_IDENTITY[sdk=iphoneos*]" = "iPhone Developer";
				COPY_PHASE_STRIP = NO;
				GCC_C_LANGUAGE_STANDARD = gnu99;
				GCC_DYNAMIC_NO_PIC = NO;
				GCC_OPTIMIZATION_LEVEL = 0;
				GCC_PREPROCESSOR_DEFINITIONS = (
					"DEBUG=1",
					"$(inherited)",
				);
				GCC_SYMBOLS_PRIVATE_EXTERN = NO;
				GCC_WARN_64_TO_32_BIT_CONVERSION = YES;
				GCC_WARN_ABOUT_RETURN_TYPE = YES_ERROR;
				GCC_WARN_UNDECLARED_SELECTOR = YES;
				GCC_WARN_UNINITIALIZED_AUTOS = YES_AGGRESSIVE;
				GCC_WARN_UNUSED_FUNCTION = YES;
				GCC_WARN_UNUSED_VARIABLE = YES;
				IPHONEOS_DEPLOYMENT_TARGET = 7.1;
				ONLY_ACTIVE_ARCH = YES;
				SDKROOT = iphoneos;
			};
			name = Debug;
		};
		7A43F27F1969FF8F000AC8BE /* Release */ = {
			isa = XCBuildConfiguration;
			buildSettings = {
				ALWAYS_SEARCH_USER_PATHS = NO;
				CLANG_CXX_LANGUAGE_STANDARD = "gnu++0x";
				CLANG_CXX_LIBRARY = "libc++";
				CLANG_ENABLE_MODULES = YES;
				CLANG_ENABLE_OBJC_ARC = YES;
				CLANG_WARN_BOOL_CONVERSION = YES;
				CLANG_WARN_CONSTANT_CONVERSION = YES;
				CLANG_WARN_DIRECT_OBJC_ISA_USAGE = YES_ERROR;
				CLANG_WARN_EMPTY_BODY = YES;
				CLANG_WARN_ENUM_CONVERSION = YES;
				CLANG_WARN_INT_CONVERSION = YES;
				CLANG_WARN_OBJC_ROOT_CLASS = YES_ERROR;
				CLANG_WARN__DUPLICATE_METHOD_MATCH = YES;
				"CODE_SIGN_IDENTITY[sdk=iphoneos*]" = "iPhone Developer";
				COPY_PHASE_STRIP = YES;
				ENABLE_NS_ASSERTIONS = NO;
				GCC_C_LANGUAGE_STANDARD = gnu99;
				GCC_WARN_64_TO_32_BIT_CONVERSION = YES;
				GCC_WARN_ABOUT_RETURN_TYPE = YES_ERROR;
				GCC_WARN_UNDECLARED_SELECTOR = YES;
				GCC_WARN_UNINITIALIZED_AUTOS = YES_AGGRESSIVE;
				GCC_WARN_UNUSED_FUNCTION = YES;
				GCC_WARN_UNUSED_VARIABLE = YES;
				IPHONEOS_DEPLOYMENT_TARGET = 7.1;
				SDKROOT = iphoneos;
				VALIDATE_PRODUCT = YES;
			};
			name = Release;
		};
		7A43F2811969FF8F000AC8BE /* Debug */ = {
			isa = XCBuildConfiguration;
			buildSettings = {
				ASSETCATALOG_COMPILER_APPICON_NAME = AppIcon;
				ASSETCATALOG_COMPILER_LAUNCHIMAGE_NAME = LaunchImage;
				FRAMEWORK_SEARCH_PATHS = (
					"$(inherited)",
					"$(PROJECT_DIR)",
				);
				GCC_PRECOMPILE_PREFIX_HEADER = YES;
				GCC_PREFIX_HEADER = "Icebreaker2/Icebreaker2-Prefix.pch";
				INFOPLIST_FILE = "Icebreaker2/Icebreaker2-Info.plist";
				PRODUCT_NAME = "$(TARGET_NAME)";
				WRAPPER_EXTENSION = app;
			};
			name = Debug;
		};
		7A43F2821969FF8F000AC8BE /* Release */ = {
			isa = XCBuildConfiguration;
			buildSettings = {
				ASSETCATALOG_COMPILER_APPICON_NAME = AppIcon;
				ASSETCATALOG_COMPILER_LAUNCHIMAGE_NAME = LaunchImage;
				FRAMEWORK_SEARCH_PATHS = (
					"$(inherited)",
					"$(PROJECT_DIR)",
				);
				GCC_PRECOMPILE_PREFIX_HEADER = YES;
				GCC_PREFIX_HEADER = "Icebreaker2/Icebreaker2-Prefix.pch";
				INFOPLIST_FILE = "Icebreaker2/Icebreaker2-Info.plist";
				PRODUCT_NAME = "$(TARGET_NAME)";
				WRAPPER_EXTENSION = app;
			};
			name = Release;
		};
		7A43F2841969FF8F000AC8BE /* Debug */ = {
			isa = XCBuildConfiguration;
			buildSettings = {
				BUNDLE_LOADER = "$(BUILT_PRODUCTS_DIR)/Icebreaker2.app/Icebreaker2";
				FRAMEWORK_SEARCH_PATHS = (
					"$(SDKROOT)/Developer/Library/Frameworks",
					"$(inherited)",
					"$(DEVELOPER_FRAMEWORKS_DIR)",
				);
				GCC_PRECOMPILE_PREFIX_HEADER = YES;
				GCC_PREFIX_HEADER = "Icebreaker2/Icebreaker2-Prefix.pch";
				GCC_PREPROCESSOR_DEFINITIONS = (
					"DEBUG=1",
					"$(inherited)",
				);
				INFOPLIST_FILE = "Icebreaker2Tests/Icebreaker2Tests-Info.plist";
				PRODUCT_NAME = "$(TARGET_NAME)";
				TEST_HOST = "$(BUNDLE_LOADER)";
				WRAPPER_EXTENSION = xctest;
			};
			name = Debug;
		};
		7A43F2851969FF8F000AC8BE /* Release */ = {
			isa = XCBuildConfiguration;
			buildSettings = {
				BUNDLE_LOADER = "$(BUILT_PRODUCTS_DIR)/Icebreaker2.app/Icebreaker2";
				FRAMEWORK_SEARCH_PATHS = (
					"$(SDKROOT)/Developer/Library/Frameworks",
					"$(inherited)",
					"$(DEVELOPER_FRAMEWORKS_DIR)",
				);
				GCC_PRECOMPILE_PREFIX_HEADER = YES;
				GCC_PREFIX_HEADER = "Icebreaker2/Icebreaker2-Prefix.pch";
				INFOPLIST_FILE = "Icebreaker2Tests/Icebreaker2Tests-Info.plist";
				PRODUCT_NAME = "$(TARGET_NAME)";
				TEST_HOST = "$(BUNDLE_LOADER)";
				WRAPPER_EXTENSION = xctest;
			};
			name = Release;
		};
/* End XCBuildConfiguration section */

/* Begin XCConfigurationList section */
		7A43F24F1969FF8F000AC8BE /* Build configuration list for PBXProject "Icebreaker2" */ = {
			isa = XCConfigurationList;
			buildConfigurations = (
				7A43F27E1969FF8F000AC8BE /* Debug */,
				7A43F27F1969FF8F000AC8BE /* Release */,
			);
			defaultConfigurationIsVisible = 0;
			defaultConfigurationName = Release;
		};
		7A43F2801969FF8F000AC8BE /* Build configuration list for PBXNativeTarget "Icebreaker2" */ = {
			isa = XCConfigurationList;
			buildConfigurations = (
				7A43F2811969FF8F000AC8BE /* Debug */,
				7A43F2821969FF8F000AC8BE /* Release */,
			);
			defaultConfigurationIsVisible = 0;
			defaultConfigurationName = Release;
		};
		7A43F2831969FF8F000AC8BE /* Build configuration list for PBXNativeTarget "Icebreaker2Tests" */ = {
			isa = XCConfigurationList;
			buildConfigurations = (
				7A43F2841969FF8F000AC8BE /* Debug */,
				7A43F2851969FF8F000AC8BE /* Release */,
			);
			defaultConfigurationIsVisible = 0;
			defaultConfigurationName = Release;
		};
/* End XCConfigurationList section */
	};
	rootObject = 7A43F24C1969FF8F000AC8BE /* Project object */;
}
